// !$*UTF8*$!
{
	archiveVersion = 1;
	classes = {
	};
	objectVersion = 50;
	objects = {

/* Begin PBXFileReference section */
		DF4274632169762D0052502D /* SSDT-T440S.aml */ = {isa = PBXFileReference; lastKnownFileType = file; path = "SSDT-T440S.aml"; sourceTree = "<group>"; };
		DF456A802169646E002B77D7 /* SystemLogo */ = {isa = PBXFileReference; lastKnownFileType = folder; path = SystemLogo; sourceTree = "<group>"; };
		DF456A812169646F002B77D7 /* hotpatch */ = {isa = PBXFileReference; lastKnownFileType = folder; path = hotpatch; sourceTree = "<group>"; };
		DF456A822169646F002B77D7 /* config.plist */ = {isa = PBXFileReference; lastKnownFileType = text.plist.xml; path = config.plist; sourceTree = "<group>"; };
		DF6C8E382169670500574F1D /* Audio */ = {isa = PBXFileReference; lastKnownFileType = folder; path = Audio; sourceTree = "<group>"; };
		DF6C8E392169674600574F1D /* kexts */ = {isa = PBXFileReference; lastKnownFileType = folder; path = kexts; sourceTree = "<group>"; };
/* End PBXFileReference section */

/* Begin PBXGroup section */
		DF4A341621641DA800C74135 = {
			isa = PBXGroup;
			children = (
				DF4274632169762D0052502D /* SSDT-T440S.aml */,
				DF456A822169646F002B77D7 /* config.plist */,
				DF6C8E392169674600574F1D /* kexts */,
				DF6C8E382169670500574F1D /* Audio */,
				DF456A812169646F002B77D7 /* hotpatch */,
				DF456A802169646E002B77D7 /* SystemLogo */,
			);
			sourceTree = "<group>";
		};
/* End PBXGroup section */

/* Begin PBXProject section */
		DF4A341721641DA800C74135 /* Project object */ = {
			isa = PBXProject;
			attributes = {
				LastUpgradeCheck = 1000;
			};
			buildConfigurationList = DF4A341A21641DA800C74135 /* Build configuration list for PBXProject "Lenovo-ThinkPad-T440S" */;
			compatibilityVersion = "Xcode 9.3";
			developmentRegion = en;
			hasScannedForEncodings = 0;
			knownRegions = (
				en,
			);
			mainGroup = DF4A341621641DA800C74135;
			projectDirPath = "";
			projectRoot = "";
			targets = (
			);
		};
/* End PBXProject section */

/* Begin XCBuildConfiguration section */
		DF4A341B21641DA800C74135 /* Debug */ = {
			isa = XCBuildConfiguration;
			buildSettings = {
			};
			name = Debug;
		};
		DF4A341C21641DA800C74135 /* Release */ = {
			isa = XCBuildConfiguration;
			buildSettings = {
			};
			name = Release;
		};
/* End XCBuildConfiguration section */

/* Begin XCConfigurationList section */
		DF4A341A21641DA800C74135 /* Build configuration list for PBXProject "Lenovo-ThinkPad-T440S" */ = {
			isa = XCConfigurationList;
			buildConfigurations = (
				DF4A341B21641DA800C74135 /* Debug */,
				DF4A341C21641DA800C74135 /* Release */,
			);
			defaultConfigurationIsVisible = 0;
			defaultConfigurationName = Release;
		};
/* End XCConfigurationList section */
	};
	rootObject = DF4A341721641DA800C74135 /* Project object */;
}
